
Microsoft Visual Studio Solution File, Format Version 12.00
# Visual Studio Version 16
VisualStudioVersion = 16.0.31729.503
MinimumVisualStudioVersion = 10.0.40219.1
Project("{FAE04EC0-301F-11D3-BF4B-00C04F79EFBC}") = "Arreglo", "Arreglo\Arreglo.csproj", "{3672661D-CABC-4529-AB8A-C5919585004A}"
EndProject
Global
	GlobalSection(SolutionConfigurationPlatforms) = preSolution
		Debug|Any CPU = Debug|Any CPU
		Release|Any CPU = Release|Any CPU
	EndGlobalSection
	GlobalSection(ProjectConfigurationPlatforms) = postSolution
		{3672661D-CABC-4529-AB8A-C5919585004A}.Debug|Any CPU.ActiveCfg = Debug|Any CPU
		{3672661D-CABC-4529-AB8A-C5919585004A}.Debug|Any CPU.Build.0 = Debug|Any CPU
		{3672661D-CABC-4529-AB8A-C5919585004A}.Release|Any CPU.ActiveCfg = Release|Any CPU
		{3672661D-CABC-4529-AB8A-C5919585004A}.Release|Any CPU.Build.0 = Release|Any CPU
	EndGlobalSection
	GlobalSection(SolutionProperties) = preSolution
		HideSolutionNode = FALSE
	EndGlobalSection
	GlobalSection(ExtensibilityGlobals) = postSolution
		SolutionGuid = {5D9FBF38-EA6A-417F-8D13-AA97061D34FC}
	EndGlobalSection
EndGlobal
